dependencies:
  espressif/usb_host_msc:
    component_hash: d8765c212bb4915d42560886fac3cc5059d61a0bfa14152b32ea9a5258e7a0c9
    dependencies:
    - name: idf
      require: private
      version: '>=5.0'
    - name: espressif/usb
      registry_url: https://components.espressif.com
      require: public
      rules:
      - if: idf_version >=6.0
      - if: target not in ["linux"]
      version: ^1.0.0
    source:
      registry_url: https://components.espressif.com/
      type: service
    targets:
    - esp32s2
    - esp32s3
    - esp32p4
    - esp32h4
    - esp32s31
    - linux
    version: 1.3.0
  idf:
    source:
      type: idf
    version: 5.3.5
direct_dependencies:
- espressif/usb_host_msc
manifest_hash: 5513f5fa32bbc59d0d411260b7363ddcdde725274ba18d8b1396cf154db12327
target: esp32p4
version: 2.0.0
